
Microsoft Visual Studio Solution File, Format Version 12.00
# Visual Studio Version 17
VisualStudioVersion = 17.9.34518.117
MinimumVisualStudioVersion = 10.0.40219.1
Project("{2150E333-8FDC-42A3-9474-1A3956D46DE8}") = "src", "src", "{2A86D1DF-3A54-483F-9F59-0F2F82ED7834}"
EndProject
Project("{2150E333-8FDC-42A3-9474-1A3956D46DE8}") = "solution items", "solution items", "{8C90F8E8-542F-4962-846B-C91FD453412E}"
	ProjectSection(SolutionItems) = preProject
		Directory.Build.props = Directory.Build.props
		docker-compose.yml = docker-compose.yml
		README.md = README.md
		.dockerignore = .dockerignore
		.gitignore = .gitignore
		NuGet.config = NuGet.config
	EndProjectSection
EndProject
Project("{2150E333-8FDC-42A3-9474-1A3956D46DE8}") = "Services", "Services", "{789CE025-90BF-4A37-B13A-9E6CFE9F7F4C}"
EndProject
Project("{2150E333-8FDC-42A3-9474-1A3956D46DE8}") = "Contracts", "Contracts", "{BFBCAAC7-31A3-4B4A-B974-CF46500A7AC0}"
EndProject
Project("{9A19103F-16F7-4668-BE54-9A1E7A4F7556}") = "FastWiki.Service.Contracts", "src\Contracts\FastWiki.Service.Contracts\FastWiki.Service.Contracts.csproj", "{5F0668AA-165B-46A8-B933-034F22FAD066}"
EndProject
Project("{9A19103F-16F7-4668-BE54-9A1E7A4F7556}") = "FastWiki.Service", "src\Service\FastWiki.Service\FastWiki.Service.csproj", "{EF8AE318-7534-4687-8663-BB6B5F5DE5F2}"
EndProject
Project("{2150E333-8FDC-42A3-9474-1A3956D46DE8}") = "Infrastructure", "Infrastructure", "{D6D3A051-B8FE-4356-B582-921A6726ED40}"
EndProject
Project("{9A19103F-16F7-4668-BE54-9A1E7A4F7556}") = "FastWiki.Infrastructure.Common", "src\Infrastructure\FastWiki.Infrastructure.Common\FastWiki.Infrastructure.Common.csproj", "{0C90BE14-96EC-4E1B-A017-258E36ED6B1C}"
EndProject
Project("{FAE04EC0-301F-11D3-BF4B-00C04F79EFBC}") = "FastWiki.FunctionCall", "src\Infrastructure\FastWiki.FunctionCall\FastWiki.FunctionCall.csproj", "{E1FFCC22-637F-41AE-BBB4-6BD7009784E7}"
EndProject
Project("{2150E333-8FDC-42A3-9474-1A3956D46DE8}") = "test", "test", "{F43B140B-B189-41BE-8639-D83BC900B635}"
EndProject
Project("{FAE04EC0-301F-11D3-BF4B-00C04F79EFBC}") = "Test.FastWiki.FunctionCall", "src\test\Test.FastWiki.FunctionCall\Test.FastWiki.FunctionCall.csproj", "{088D9218-E443-4129-846B-F6ECBE283B3E}"
EndProject
Project("{FAE04EC0-301F-11D3-BF4B-00C04F79EFBC}") = "AIDotNet.OpenAI", "..\AIDotNet.API\src\extensions\AIDotNet.OpenAI\AIDotNet.OpenAI.csproj", "{FA823ADC-EC9F-4FF4-99CA-AE58A33138AF}"
EndProject
Project("{FAE04EC0-301F-11D3-BF4B-00C04F79EFBC}") = "AIDotNet.SparkDesk", "..\AIDotNet.API\src\extensions\AIDotNet.SparkDesk\AIDotNet.SparkDesk.csproj", "{F16ED264-1A52-426C-9E6A-87E027EE6FF2}"
EndProject
Project("{FAE04EC0-301F-11D3-BF4B-00C04F79EFBC}") = "AIDotNet.MetaGLM", "..\AIDotNet.API\src\extensions\AIDotNet.MetaGLM\AIDotNet.MetaGLM.csproj", "{6F93AB51-B8D7-424E-968D-8CAEEA2246EF}"
EndProject
Project("{FAE04EC0-301F-11D3-BF4B-00C04F79EFBC}") = "AIDotNet.Abstractions", "..\AIDotNet.API\src\AIDotNet.Abstractions\AIDotNet.Abstractions.csproj", "{45EBC8D0-E809-4693-A0C3-5AC6E074947A}"
EndProject
Project("{FAE04EC0-301F-11D3-BF4B-00C04F79EFBC}") = "AIDotNet.Claudia", "..\AIDotNet.API\src\extensions\AIDotNet.Claudia\AIDotNet.Claudia.csproj", "{EAA43C93-1948-4375-BE55-D70729486C84}"
EndProject
Project("{FAE04EC0-301F-11D3-BF4B-00C04F79EFBC}") = "AIDotNet.Qiansail", "..\AIDotNet.API\src\extensions\AIDotNet.Qiansail\AIDotNet.Qiansail.csproj", "{E9D1A7DC-2ED0-471E-993D-EADDFDE91A86}"
EndProject
Global
	GlobalSection(SolutionConfigurationPlatforms) = preSolution
		Debug|Any CPU = Debug|Any CPU
		Release|Any CPU = Release|Any CPU
	EndGlobalSection
	GlobalSection(ProjectConfigurationPlatforms) = postSolution
		{5F0668AA-165B-46A8-B933-034F22FAD066}.Debug|Any CPU.ActiveCfg = Debug|Any CPU
		{5F0668AA-165B-46A8-B933-034F22FAD066}.Debug|Any CPU.Build.0 = Debug|Any CPU
		{5F0668AA-165B-46A8-B933-034F22FAD066}.Release|Any CPU.ActiveCfg = Release|Any CPU
		{5F0668AA-165B-46A8-B933-034F22FAD066}.Release|Any CPU.Build.0 = Release|Any CPU
		{EF8AE318-7534-4687-8663-BB6B5F5DE5F2}.Debug|Any CPU.ActiveCfg = Debug|Any CPU
		{EF8AE318-7534-4687-8663-BB6B5F5DE5F2}.Debug|Any CPU.Build.0 = Debug|Any CPU
		{EF8AE318-7534-4687-8663-BB6B5F5DE5F2}.Release|Any CPU.ActiveCfg = Release|Any CPU
		{EF8AE318-7534-4687-8663-BB6B5F5DE5F2}.Release|Any CPU.Build.0 = Release|Any CPU
		{0C90BE14-96EC-4E1B-A017-258E36ED6B1C}.Debug|Any CPU.ActiveCfg = Debug|Any CPU
		{0C90BE14-96EC-4E1B-A017-258E36ED6B1C}.Debug|Any CPU.Build.0 = Debug|Any CPU
		{0C90BE14-96EC-4E1B-A017-258E36ED6B1C}.Release|Any CPU.ActiveCfg = Release|Any CPU
		{0C90BE14-96EC-4E1B-A017-258E36ED6B1C}.Release|Any CPU.Build.0 = Release|Any CPU
		{E1FFCC22-637F-41AE-BBB4-6BD7009784E7}.Debug|Any CPU.ActiveCfg = Debug|Any CPU
		{E1FFCC22-637F-41AE-BBB4-6BD7009784E7}.Debug|Any CPU.Build.0 = Debug|Any CPU
		{E1FFCC22-637F-41AE-BBB4-6BD7009784E7}.Release|Any CPU.ActiveCfg = Release|Any CPU
		{E1FFCC22-637F-41AE-BBB4-6BD7009784E7}.Release|Any CPU.Build.0 = Release|Any CPU
		{088D9218-E443-4129-846B-F6ECBE283B3E}.Debug|Any CPU.ActiveCfg = Debug|Any CPU
		{088D9218-E443-4129-846B-F6ECBE283B3E}.Debug|Any CPU.Build.0 = Debug|Any CPU
		{088D9218-E443-4129-846B-F6ECBE283B3E}.Release|Any CPU.ActiveCfg = Release|Any CPU
		{088D9218-E443-4129-846B-F6ECBE283B3E}.Release|Any CPU.Build.0 = Release|Any CPU
		{FA823ADC-EC9F-4FF4-99CA-AE58A33138AF}.Debug|Any CPU.ActiveCfg = Debug|Any CPU
		{FA823ADC-EC9F-4FF4-99CA-AE58A33138AF}.Debug|Any CPU.Build.0 = Debug|Any CPU
		{FA823ADC-EC9F-4FF4-99CA-AE58A33138AF}.Release|Any CPU.ActiveCfg = Release|Any CPU
		{FA823ADC-EC9F-4FF4-99CA-AE58A33138AF}.Release|Any CPU.Build.0 = Release|Any CPU
		{F16ED264-1A52-426C-9E6A-87E027EE6FF2}.Debug|Any CPU.ActiveCfg = Debug|Any CPU
		{F16ED264-1A52-426C-9E6A-87E027EE6FF2}.Debug|Any CPU.Build.0 = Debug|Any CPU
		{F16ED264-1A52-426C-9E6A-87E027EE6FF2}.Release|Any CPU.ActiveCfg = Release|Any CPU
		{F16ED264-1A52-426C-9E6A-87E027EE6FF2}.Release|Any CPU.Build.0 = Release|Any CPU
		{6F93AB51-B8D7-424E-968D-8CAEEA2246EF}.Debug|Any CPU.ActiveCfg = Debug|Any CPU
		{6F93AB51-B8D7-424E-968D-8CAEEA2246EF}.Debug|Any CPU.Build.0 = Debug|Any CPU
		{6F93AB51-B8D7-424E-968D-8CAEEA2246EF}.Release|Any CPU.ActiveCfg = Release|Any CPU
		{6F93AB51-B8D7-424E-968D-8CAEEA2246EF}.Release|Any CPU.Build.0 = Release|Any CPU
		{45EBC8D0-E809-4693-A0C3-5AC6E074947A}.Debug|Any CPU.ActiveCfg = Debug|Any CPU
		{45EBC8D0-E809-4693-A0C3-5AC6E074947A}.Debug|Any CPU.Build.0 = Debug|Any CPU
		{45EBC8D0-E809-4693-A0C3-5AC6E074947A}.Release|Any CPU.ActiveCfg = Release|Any CPU
		{45EBC8D0-E809-4693-A0C3-5AC6E074947A}.Release|Any CPU.Build.0 = Release|Any CPU
		{EAA43C93-1948-4375-BE55-D70729486C84}.Debug|Any CPU.ActiveCfg = Debug|Any CPU
		{EAA43C93-1948-4375-BE55-D70729486C84}.Debug|Any CPU.Build.0 = Debug|Any CPU
		{EAA43C93-1948-4375-BE55-D70729486C84}.Release|Any CPU.ActiveCfg = Release|Any CPU
		{EAA43C93-1948-4375-BE55-D70729486C84}.Release|Any CPU.Build.0 = Release|Any CPU
		{E9D1A7DC-2ED0-471E-993D-EADDFDE91A86}.Debug|Any CPU.ActiveCfg = Debug|Any CPU
		{E9D1A7DC-2ED0-471E-993D-EADDFDE91A86}.Debug|Any CPU.Build.0 = Debug|Any CPU
		{E9D1A7DC-2ED0-471E-993D-EADDFDE91A86}.Release|Any CPU.ActiveCfg = Release|Any CPU
		{E9D1A7DC-2ED0-471E-993D-EADDFDE91A86}.Release|Any CPU.Build.0 = Release|Any CPU
	EndGlobalSection
	GlobalSection(SolutionProperties) = preSolution
		HideSolutionNode = FALSE
	EndGlobalSection
	GlobalSection(NestedProjects) = preSolution
		{789CE025-90BF-4A37-B13A-9E6CFE9F7F4C} = {2A86D1DF-3A54-483F-9F59-0F2F82ED7834}
		{BFBCAAC7-31A3-4B4A-B974-CF46500A7AC0} = {2A86D1DF-3A54-483F-9F59-0F2F82ED7834}
		{5F0668AA-165B-46A8-B933-034F22FAD066} = {BFBCAAC7-31A3-4B4A-B974-CF46500A7AC0}
		{EF8AE318-7534-4687-8663-BB6B5F5DE5F2} = {789CE025-90BF-4A37-B13A-9E6CFE9F7F4C}
		{D6D3A051-B8FE-4356-B582-921A6726ED40} = {2A86D1DF-3A54-483F-9F59-0F2F82ED7834}
		{0C90BE14-96EC-4E1B-A017-258E36ED6B1C} = {D6D3A051-B8FE-4356-B582-921A6726ED40}
		{E1FFCC22-637F-41AE-BBB4-6BD7009784E7} = {D6D3A051-B8FE-4356-B582-921A6726ED40}
		{F43B140B-B189-41BE-8639-D83BC900B635} = {2A86D1DF-3A54-483F-9F59-0F2F82ED7834}
		{088D9218-E443-4129-846B-F6ECBE283B3E} = {F43B140B-B189-41BE-8639-D83BC900B635}
		{FA823ADC-EC9F-4FF4-99CA-AE58A33138AF} = {D6D3A051-B8FE-4356-B582-921A6726ED40}
		{F16ED264-1A52-426C-9E6A-87E027EE6FF2} = {D6D3A051-B8FE-4356-B582-921A6726ED40}
		{6F93AB51-B8D7-424E-968D-8CAEEA2246EF} = {D6D3A051-B8FE-4356-B582-921A6726ED40}
		{45EBC8D0-E809-4693-A0C3-5AC6E074947A} = {D6D3A051-B8FE-4356-B582-921A6726ED40}
		{EAA43C93-1948-4375-BE55-D70729486C84} = {D6D3A051-B8FE-4356-B582-921A6726ED40}
		{E9D1A7DC-2ED0-471E-993D-EADDFDE91A86} = {D6D3A051-B8FE-4356-B582-921A6726ED40}
	EndGlobalSection
	GlobalSection(ExtensibilityGlobals) = postSolution
		SolutionGuid = {C6848D28-988E-4785-AF4D-2554B6E6F9E4}
	EndGlobalSection
EndGlobal
